# THIS IS AN AUTOGENERATED FILE. DO NOT EDIT THIS FILE DIRECTLY.
# yarn lockfile v1


commander@^2.20.0:
  version "2.20.3"
  resolved "https://registry.yarnpkg.com/commander/-/commander-2.20.3.tgz#fd485e84c03eb4881c20722ba48035e8531aeb33"
  integrity sha512-GpVkmM8vF2vQUkj2LvZmD35JxeJOLCwJ9cUkugyk2nuhbv3+mJvpLYYt+0+USMxE+oj+ey/lJEnhZw75x/OMcQ==

eslint-config-prettier@6.10.0:
  version "6.10.0"
  resolved "https://registry.yarnpkg.com/eslint-config-prettier/-/eslint-config-prettier-6.10.0.tgz#7b15e303bf9c956875c948f6b21500e48ded6a7f"
  integrity sha512-AtndijGte1rPILInUdHjvKEGbIV06NuvPrqlIEaEaWtbtvJh464mDeyGMdZEQMsGvC0ZVkiex1fSNcC4HAbRGg==
  dependencies:
    get-stdin "^6.0.0"

eslint-config-react@1.1.7:
  version "1.1.7"
  resolved "https://registry.yarnpkg.com/eslint-config-react/-/eslint-config-react-1.1.7.tgz#a0918d0fc47d0e9bd161a47308021da85d2585b3"
  integrity sha1-oJGND8R9DpvRYaRzCAIdqF0lhbM=

executioner@^2.0.1:
  version "2.0.1"
  resolved "https://registry.yarnpkg.com/executioner/-/executioner-2.0.1.tgz#add328e03bc45dd598f358fbb529fc0be0ec6fcd"
  integrity sha1-rdMo4DvEXdWY81j7tSn8C+Dsb80=
  dependencies:
    mixly "^1.0.0"

fulcon@^1.0.1:
  version "1.0.2"
  resolved "https://registry.yarnpkg.com/fulcon/-/fulcon-1.0.2.tgz#8a4dfda4c73fcd9cc62a79d5045c392b45547320"
  integrity sha1-ik39pMc/zZzGKnnVBFw5K0VUcyA=

get-stdin@^6.0.0:
  version "6.0.0"
  resolved "https://registry.yarnpkg.com/get-stdin/-/get-stdin-6.0.0.tgz#9e09bf712b360ab9225e812048f71fde9c89657b"
  integrity sha512-jp4tHawyV7+fkkSKyvjuLZswblUtz+SQKzSWnBbii16BuZksJlU1wuBYXY75r+duh/llF1ur6oNwi+2ZzjKZ7g==

install-peers-cli@2.1.1:
  version "2.1.1"
  resolved "https://registry.yarnpkg.com/install-peers-cli/-/install-peers-cli-2.1.1.tgz#01f88b52a930b7f09e57abb4da874ff9ef83a6b9"
  integrity sha512-sCphUqbDtlSyv0KYE0tdsLUG/F6wMGR7hr3swkx1sAKJCj4b3hy41vTj0JtxL6pAoi86yGW8i1CCIv8Fg29NAA==
  dependencies:
    commander "^2.20.0"
    executioner "^2.0.1"

mixly@^1.0.0:
  version "1.0.0"
  resolved "https://registry.yarnpkg.com/mixly/-/mixly-1.0.0.tgz#9b5a2e1f63e6dfba0d30e6797ffae62ab1dc24ef"
  integrity sha1-m1ouH2Pm37oNMOZ5f/rmKrHcJO8=
  dependencies:
    fulcon "^1.0.1"

typescript@3.7.5:
  version "3.7.5"
  resolved "https://registry.yarnpkg.com/typescript/-/typescript-3.7.5.tgz#0692e21f65fd4108b9330238aac11dd2e177a1ae"
  integrity sha512-/P5lkRXkWHNAbcJIiHPfRoKqyd7bsyCma1hZNUGfn20qm64T6ZBlrzprymeu918H+mB/0rIg2gGK/BXkhhYgBw==
